
Microsoft Visual Studio Solution File, Format Version 12.00
# Visual Studio 15
VisualStudioVersion = 15.0.26730.16
MinimumVisualStudioVersion = 10.0.40219.1
Project("{FAE04EC0-301F-11D3-BF4B-00C04F79EFBC}") = "TextExtractor", "TextExtractor.csproj", "{6FFE0235-F704-47B9-9936-DDAC3E20A9BC}"
EndProject
Global
	GlobalSection(SolutionConfigurationPlatforms) = preSolution
		Debug|Any CPU = Debug|Any CPU
		Release|Any CPU = Release|Any CPU
	EndGlobalSection
	GlobalSection(ProjectConfigurationPlatforms) = postSolution
		{6FFE0235-F704-47B9-9936-DDAC3E20A9BC}.Debug|Any CPU.ActiveCfg = Debug|Any CPU
		{6FFE0235-F704-47B9-9936-DDAC3E20A9BC}.Debug|Any CPU.Build.0 = Debug|Any CPU
		{6FFE0235-F704-47B9-9936-DDAC3E20A9BC}.Release|Any CPU.ActiveCfg = Release|Any CPU
		{6FFE0235-F704-47B9-9936-DDAC3E20A9BC}.Release|Any CPU.Build.0 = Release|Any CPU
	EndGlobalSection
	GlobalSection(SolutionProperties) = preSolution
		HideSolutionNode = FALSE
	EndGlobalSection
	GlobalSection(ExtensibilityGlobals) = postSolution
		SolutionGuid = {D05A2998-6711-41F6-9DE3-7A2E43A12CF7}
	EndGlobalSection
EndGlobal
